
Microsoft Visual Studio Solution File, Format Version 12.00
# Visual Studio Version 17
VisualStudioVersion = 17.0.32112.339
MinimumVisualStudioVersion = 10.0.40219.1
Project("{9A19103F-16F7-4668-BE54-9A1E7A4F7556}") = "Course001", "Course001\Course001\Course001.csproj", "{7D0CA507-1E2D-43C3-B30F-D23E834C7739}"
EndProject
Project("{9A19103F-16F7-4668-BE54-9A1E7A4F7556}") = "Course002", "Course002\Course002.csproj", "{5DB7999E-B00A-4E3A-A72D-AD15BA2E15A6}"
EndProject
Project("{9A19103F-16F7-4668-BE54-9A1E7A4F7556}") = "Course003", "Course003\Course003.csproj", "{F1BD20F9-DAB5-46C1-9E00-16DD3326AEF7}"
EndProject
Project("{2150E333-8FDC-42A3-9474-1A3956D46DE8}") = "Solution Items", "Solution Items", "{E9AAE863-6F51-4C09-8776-01DB6CDFAA0E}"
	ProjectSection(SolutionItems) = preProject
		.editorconfig = .editorconfig
	EndProjectSection
EndProject
Project("{9A19103F-16F7-4668-BE54-9A1E7A4F7556}") = "Course004", "Course004\Course004.csproj", "{1B9B5DDE-BC49-4316-8424-90F5DC6931B1}"
EndProject
Project("{9A19103F-16F7-4668-BE54-9A1E7A4F7556}") = "Course005", "Course005\Course005.csproj", "{4B47FD55-6DBE-4E30-950E-28B4133AFF5F}"
EndProject
Project("{9A19103F-16F7-4668-BE54-9A1E7A4F7556}") = "Course006", "Course006\Course006.csproj", "{0F3000A6-D0C7-439C-B33B-81F1CF604055}"
EndProject
Project("{9A19103F-16F7-4668-BE54-9A1E7A4F7556}") = "Course007", "Course007\Course007.csproj", "{083290D0-E744-4C49-95DA-F9BDC944662A}"
EndProject
Project("{FAE04EC0-301F-11D3-BF4B-00C04F79EFBC}") = "Course008", "Course008\Course008.csproj", "{9B366896-96DB-43C5-88C1-DD17A5085F9D}"
EndProject
Global
	GlobalSection(SolutionConfigurationPlatforms) = preSolution
		Debug|Any CPU = Debug|Any CPU
		Release|Any CPU = Release|Any CPU
	EndGlobalSection
	GlobalSection(ProjectConfigurationPlatforms) = postSolution
		{7D0CA507-1E2D-43C3-B30F-D23E834C7739}.Debug|Any CPU.ActiveCfg = Debug|Any CPU
		{7D0CA507-1E2D-43C3-B30F-D23E834C7739}.Debug|Any CPU.Build.0 = Debug|Any CPU
		{7D0CA507-1E2D-43C3-B30F-D23E834C7739}.Release|Any CPU.ActiveCfg = Release|Any CPU
		{7D0CA507-1E2D-43C3-B30F-D23E834C7739}.Release|Any CPU.Build.0 = Release|Any CPU
		{5DB7999E-B00A-4E3A-A72D-AD15BA2E15A6}.Debug|Any CPU.ActiveCfg = Debug|Any CPU
		{5DB7999E-B00A-4E3A-A72D-AD15BA2E15A6}.Debug|Any CPU.Build.0 = Debug|Any CPU
		{5DB7999E-B00A-4E3A-A72D-AD15BA2E15A6}.Release|Any CPU.ActiveCfg = Release|Any CPU
		{5DB7999E-B00A-4E3A-A72D-AD15BA2E15A6}.Release|Any CPU.Build.0 = Release|Any CPU
		{F1BD20F9-DAB5-46C1-9E00-16DD3326AEF7}.Debug|Any CPU.ActiveCfg = Debug|Any CPU
		{F1BD20F9-DAB5-46C1-9E00-16DD3326AEF7}.Debug|Any CPU.Build.0 = Debug|Any CPU
		{F1BD20F9-DAB5-46C1-9E00-16DD3326AEF7}.Release|Any CPU.ActiveCfg = Release|Any CPU
		{F1BD20F9-DAB5-46C1-9E00-16DD3326AEF7}.Release|Any CPU.Build.0 = Release|Any CPU
		{1B9B5DDE-BC49-4316-8424-90F5DC6931B1}.Debug|Any CPU.ActiveCfg = Debug|Any CPU
		{1B9B5DDE-BC49-4316-8424-90F5DC6931B1}.Debug|Any CPU.Build.0 = Debug|Any CPU
		{1B9B5DDE-BC49-4316-8424-90F5DC6931B1}.Release|Any CPU.ActiveCfg = Release|Any CPU
		{1B9B5DDE-BC49-4316-8424-90F5DC6931B1}.Release|Any CPU.Build.0 = Release|Any CPU
		{4B47FD55-6DBE-4E30-950E-28B4133AFF5F}.Debug|Any CPU.ActiveCfg = Debug|Any CPU
		{4B47FD55-6DBE-4E30-950E-28B4133AFF5F}.Debug|Any CPU.Build.0 = Debug|Any CPU
		{4B47FD55-6DBE-4E30-950E-28B4133AFF5F}.Release|Any CPU.ActiveCfg = Release|Any CPU
		{4B47FD55-6DBE-4E30-950E-28B4133AFF5F}.Release|Any CPU.Build.0 = Release|Any CPU
		{0F3000A6-D0C7-439C-B33B-81F1CF604055}.Debug|Any CPU.ActiveCfg = Debug|Any CPU
		{0F3000A6-D0C7-439C-B33B-81F1CF604055}.Debug|Any CPU.Build.0 = Debug|Any CPU
		{0F3000A6-D0C7-439C-B33B-81F1CF604055}.Release|Any CPU.ActiveCfg = Release|Any CPU
		{0F3000A6-D0C7-439C-B33B-81F1CF604055}.Release|Any CPU.Build.0 = Release|Any CPU
		{083290D0-E744-4C49-95DA-F9BDC944662A}.Debug|Any CPU.ActiveCfg = Debug|Any CPU
		{083290D0-E744-4C49-95DA-F9BDC944662A}.Debug|Any CPU.Build.0 = Debug|Any CPU
		{083290D0-E744-4C49-95DA-F9BDC944662A}.Release|Any CPU.ActiveCfg = Release|Any CPU
		{083290D0-E744-4C49-95DA-F9BDC944662A}.Release|Any CPU.Build.0 = Release|Any CPU
		{9B366896-96DB-43C5-88C1-DD17A5085F9D}.Debug|Any CPU.ActiveCfg = Debug|Any CPU
		{9B366896-96DB-43C5-88C1-DD17A5085F9D}.Debug|Any CPU.Build.0 = Debug|Any CPU
		{9B366896-96DB-43C5-88C1-DD17A5085F9D}.Release|Any CPU.ActiveCfg = Release|Any CPU
		{9B366896-96DB-43C5-88C1-DD17A5085F9D}.Release|Any CPU.Build.0 = Release|Any CPU
	EndGlobalSection
	GlobalSection(SolutionProperties) = preSolution
		HideSolutionNode = FALSE
	EndGlobalSection
	GlobalSection(ExtensibilityGlobals) = postSolution
		SolutionGuid = {B4AD6213-0E22-4A43-95BB-65FD0E5CCE3E}
	EndGlobalSection
EndGlobal
